
Microsoft Visual Studio Solution File, Format Version 12.00
# Visual Studio Version 17
VisualStudioVersion = 17.0.32112.339
MinimumVisualStudioVersion = 10.0.40219.1
Project("{FAE04EC0-301F-11D3-BF4B-00C04F79EFBC}") = "CubeMR", "D\CubeMR.csproj", "{90ECA6BC-EBC2-48D2-90D7-0699AB981AAF}"
EndProject
Global
	GlobalSection(SolutionConfigurationPlatforms) = preSolution
		Debug|Any CPU = Debug|Any CPU
		Release|Any CPU = Release|Any CPU
	EndGlobalSection
	GlobalSection(ProjectConfigurationPlatforms) = postSolution
		{90ECA6BC-EBC2-48D2-90D7-0699AB981AAF}.Debug|Any CPU.ActiveCfg = Debug|Any CPU
		{90ECA6BC-EBC2-48D2-90D7-0699AB981AAF}.Debug|Any CPU.Build.0 = Debug|Any CPU
		{90ECA6BC-EBC2-48D2-90D7-0699AB981AAF}.Release|Any CPU.ActiveCfg = Release|Any CPU
		{90ECA6BC-EBC2-48D2-90D7-0699AB981AAF}.Release|Any CPU.Build.0 = Release|Any CPU
	EndGlobalSection
	GlobalSection(SolutionProperties) = preSolution
		HideSolutionNode = FALSE
	EndGlobalSection
	GlobalSection(ExtensibilityGlobals) = postSolution
		SolutionGuid = {226927D8-4D7E-4289-9143-A0C8E822733B}
	EndGlobalSection
EndGlobal
